
Microsoft Visual Studio Solution File, Format Version 12.00
# Visual Studio Version 17
VisualStudioVersion = 17.4.33213.308
MinimumVisualStudioVersion = 10.0.40219.1
Project("{9A19103F-16F7-4668-BE54-9A1E7A4F7556}") = "Taht.Core", "Taht.Core\Taht.Core.csproj", "{8B0A25A4-E37E-4F6C-AACF-F712C33069D0}"
EndProject
Project("{9A19103F-16F7-4668-BE54-9A1E7A4F7556}") = "Taht.Infrastructure.Interfaces", "Taht.Infrastructure.Interfaces\Taht.Infrastructure.Interfaces.csproj", "{E3EA1778-B522-4155-9548-977F50CF30DA}"
EndProject
Project("{9A19103F-16F7-4668-BE54-9A1E7A4F7556}") = "Taht.Infrastructure", "Taht.Infrastructure\Taht.Infrastructure.csproj", "{AEACCD04-A303-4C6D-A4E1-041A4653C095}"
EndProject
Project("{FAE04EC0-301F-11D3-BF4B-00C04F79EFBC}") = "Taht.Application.Interfaces", "Taht.Application.Interfaces\Taht.Application.Interfaces.csproj", "{F5B18A99-19B1-4DC4-A968-C65DA4A0DE5E}"
EndProject
Project("{FAE04EC0-301F-11D3-BF4B-00C04F79EFBC}") = "Taht.Application", "Taht.Application\Taht.Application.csproj", "{9BE46959-9093-44A6-9AA3-312A28D4A30B}"
EndProject
Project("{FAE04EC0-301F-11D3-BF4B-00C04F79EFBC}") = "Taht.Common.Services", "Taht.Common.Services\Taht.Common.Services.csproj", "{BE60A8FB-8EB3-4590-9ACF-BB509095A0DE}"
EndProject
Project("{FAE04EC0-301F-11D3-BF4B-00C04F79EFBC}") = "Taht.Api", "Taht.Api\Taht.Api.csproj", "{104365BD-BF60-40EE-A021-2C17E8BE7A2B}"
EndProject
Global
	GlobalSection(SolutionConfigurationPlatforms) = preSolution
		Debug|Any CPU = Debug|Any CPU
		Release|Any CPU = Release|Any CPU
	EndGlobalSection
	GlobalSection(ProjectConfigurationPlatforms) = postSolution
		{8B0A25A4-E37E-4F6C-AACF-F712C33069D0}.Debug|Any CPU.ActiveCfg = Debug|Any CPU
		{8B0A25A4-E37E-4F6C-AACF-F712C33069D0}.Debug|Any CPU.Build.0 = Debug|Any CPU
		{8B0A25A4-E37E-4F6C-AACF-F712C33069D0}.Release|Any CPU.ActiveCfg = Release|Any CPU
		{8B0A25A4-E37E-4F6C-AACF-F712C33069D0}.Release|Any CPU.Build.0 = Release|Any CPU
		{E3EA1778-B522-4155-9548-977F50CF30DA}.Debug|Any CPU.ActiveCfg = Debug|Any CPU
		{E3EA1778-B522-4155-9548-977F50CF30DA}.Debug|Any CPU.Build.0 = Debug|Any CPU
		{E3EA1778-B522-4155-9548-977F50CF30DA}.Release|Any CPU.ActiveCfg = Release|Any CPU
		{E3EA1778-B522-4155-9548-977F50CF30DA}.Release|Any CPU.Build.0 = Release|Any CPU
		{AEACCD04-A303-4C6D-A4E1-041A4653C095}.Debug|Any CPU.ActiveCfg = Debug|Any CPU
		{AEACCD04-A303-4C6D-A4E1-041A4653C095}.Debug|Any CPU.Build.0 = Debug|Any CPU
		{AEACCD04-A303-4C6D-A4E1-041A4653C095}.Release|Any CPU.ActiveCfg = Release|Any CPU
		{AEACCD04-A303-4C6D-A4E1-041A4653C095}.Release|Any CPU.Build.0 = Release|Any CPU
		{F5B18A99-19B1-4DC4-A968-C65DA4A0DE5E}.Debug|Any CPU.ActiveCfg = Debug|Any CPU
		{F5B18A99-19B1-4DC4-A968-C65DA4A0DE5E}.Debug|Any CPU.Build.0 = Debug|Any CPU
		{F5B18A99-19B1-4DC4-A968-C65DA4A0DE5E}.Release|Any CPU.ActiveCfg = Release|Any CPU
		{F5B18A99-19B1-4DC4-A968-C65DA4A0DE5E}.Release|Any CPU.Build.0 = Release|Any CPU
		{9BE46959-9093-44A6-9AA3-312A28D4A30B}.Debug|Any CPU.ActiveCfg = Debug|Any CPU
		{9BE46959-9093-44A6-9AA3-312A28D4A30B}.Debug|Any CPU.Build.0 = Debug|Any CPU
		{9BE46959-9093-44A6-9AA3-312A28D4A30B}.Release|Any CPU.ActiveCfg = Release|Any CPU
		{9BE46959-9093-44A6-9AA3-312A28D4A30B}.Release|Any CPU.Build.0 = Release|Any CPU
		{BE60A8FB-8EB3-4590-9ACF-BB509095A0DE}.Debug|Any CPU.ActiveCfg = Debug|Any CPU
		{BE60A8FB-8EB3-4590-9ACF-BB509095A0DE}.Debug|Any CPU.Build.0 = Debug|Any CPU
		{BE60A8FB-8EB3-4590-9ACF-BB509095A0DE}.Release|Any CPU.ActiveCfg = Release|Any CPU
		{BE60A8FB-8EB3-4590-9ACF-BB509095A0DE}.Release|Any CPU.Build.0 = Release|Any CPU
		{104365BD-BF60-40EE-A021-2C17E8BE7A2B}.Debug|Any CPU.ActiveCfg = Debug|Any CPU
		{104365BD-BF60-40EE-A021-2C17E8BE7A2B}.Debug|Any CPU.Build.0 = Debug|Any CPU
		{104365BD-BF60-40EE-A021-2C17E8BE7A2B}.Release|Any CPU.ActiveCfg = Release|Any CPU
		{104365BD-BF60-40EE-A021-2C17E8BE7A2B}.Release|Any CPU.Build.0 = Release|Any CPU
	EndGlobalSection
	GlobalSection(SolutionProperties) = preSolution
		HideSolutionNode = FALSE
	EndGlobalSection
	GlobalSection(ExtensibilityGlobals) = postSolution
		SolutionGuid = {0D47743F-D2A2-4961-BD92-839E95A82252}
	EndGlobalSection
EndGlobal
